
Microsoft Visual Studio Solution File, Format Version 12.00
# Visual Studio Version 17
VisualStudioVersion = 17.4.33403.182
MinimumVisualStudioVersion = 10.0.40219.1
Project("{FAE04EC0-301F-11D3-BF4B-00C04F79EFBC}") = "findi_pay", "findi_pay\findi_pay.csproj", "{525C6CC3-7A8B-4139-9AA9-BBBBCF75F54F}"
EndProject
Global
	GlobalSection(SolutionConfigurationPlatforms) = preSolution
		Debug|Any CPU = Debug|Any CPU
		Release|Any CPU = Release|Any CPU
	EndGlobalSection
	GlobalSection(ProjectConfigurationPlatforms) = postSolution
		{525C6CC3-7A8B-4139-9AA9-BBBBCF75F54F}.Debug|Any CPU.ActiveCfg = Debug|Any CPU
		{525C6CC3-7A8B-4139-9AA9-BBBBCF75F54F}.Debug|Any CPU.Build.0 = Debug|Any CPU
		{525C6CC3-7A8B-4139-9AA9-BBBBCF75F54F}.Release|Any CPU.ActiveCfg = Release|Any CPU
		{525C6CC3-7A8B-4139-9AA9-BBBBCF75F54F}.Release|Any CPU.Build.0 = Release|Any CPU
	EndGlobalSection
	GlobalSection(SolutionProperties) = preSolution
		HideSolutionNode = FALSE
	EndGlobalSection
	GlobalSection(ExtensibilityGlobals) = postSolution
		SolutionGuid = {12F61C0E-471E-4D79-823F-E187A2D33ADA}
	EndGlobalSection
EndGlobal
